
Microsoft Visual Studio Solution File, Format Version 12.00
# Visual Studio Version 17
VisualStudioVersion = 17.13.35818.85
MinimumVisualStudioVersion = 10.0.40219.1
Project("{FAE04EC0-301F-11D3-BF4B-00C04F79EFBC}") = "WpfBasicApp01", "WpfBasicApp01\WpfBasicApp01.csproj", "{DC9D5A7C-A366-4636-B996-E49501997852}"
EndProject
Project("{FAE04EC0-301F-11D3-BF4B-00C04F79EFBC}") = "WpfBasicApp02", "WpfBasicApp02\WpfBasicApp02.csproj", "{34AB209E-B767-495D-AA08-EBD19006CFE1}"
EndProject
Global
	GlobalSection(SolutionConfigurationPlatforms) = preSolution
		Debug|Any CPU = Debug|Any CPU
		Release|Any CPU = Release|Any CPU
	EndGlobalSection
	GlobalSection(ProjectConfigurationPlatforms) = postSolution
		{DC9D5A7C-A366-4636-B996-E49501997852}.Debug|Any CPU.ActiveCfg = Debug|Any CPU
		{DC9D5A7C-A366-4636-B996-E49501997852}.Debug|Any CPU.Build.0 = Debug|Any CPU
		{DC9D5A7C-A366-4636-B996-E49501997852}.Release|Any CPU.ActiveCfg = Release|Any CPU
		{DC9D5A7C-A366-4636-B996-E49501997852}.Release|Any CPU.Build.0 = Release|Any CPU
		{34AB209E-B767-495D-AA08-EBD19006CFE1}.Debug|Any CPU.ActiveCfg = Debug|Any CPU
		{34AB209E-B767-495D-AA08-EBD19006CFE1}.Debug|Any CPU.Build.0 = Debug|Any CPU
		{34AB209E-B767-495D-AA08-EBD19006CFE1}.Release|Any CPU.ActiveCfg = Release|Any CPU
		{34AB209E-B767-495D-AA08-EBD19006CFE1}.Release|Any CPU.Build.0 = Release|Any CPU
	EndGlobalSection
	GlobalSection(SolutionProperties) = preSolution
		HideSolutionNode = FALSE
	EndGlobalSection
	GlobalSection(ExtensibilityGlobals) = postSolution
		SolutionGuid = {CE7910DF-E032-4E0C-A0AB-D122502B7720}
	EndGlobalSection
EndGlobal
